hash: d01aaff942f5405284e81963f9658218f8902be3b6c5da49dd4cad23044a75c7
updated: 2017-04-13T13:10:43.0794924-04:00
imports:
- name: github.com/bradfitz/gomemcache
  version: 1952afaa557dc08e8e0d89eafab110fb501c1a2b
  subpackages:
  - memcache
- name: github.com/gorilla/context
  version: 08b5f424b9271eedf6f9f0ce86cb9396ed337a42
- name: github.com/gorilla/mux
  version: 0eeaf8392f5b04950925b8a69fe70f110fa7cbfc
- name: github.com/neocortical/log5go
  version: 6e5e3a3c70edd7937a1f2b79cefaf68e78234d77
testImports: []
